
Microsoft Visual Studio Solution File, Format Version 12.00
# Visual Studio Version 16
VisualStudioVersion = 16.0.30611.23
MinimumVisualStudioVersion = 10.0.40219.1
Project("{FAE04EC0-301F-11D3-BF4B-00C04F79EFBC}") = "FinalProject_Programming2_V1", "FinalProject_Programming2_V1\FinalProject_Programming2_V1.csproj", "{DAAF2303-4AD1-4846-A777-17FBFF15BAA6}"
EndProject
Global
	GlobalSection(SolutionConfigurationPlatforms) = preSolution
		Debug|Any CPU = Debug|Any CPU
		Release|Any CPU = Release|Any CPU
	EndGlobalSection
	GlobalSection(ProjectConfigurationPlatforms) = postSolution
		{DAAF2303-4AD1-4846-A777-17FBFF15BAA6}.Debug|Any CPU.ActiveCfg = Debug|Any CPU
		{DAAF2303-4AD1-4846-A777-17FBFF15BAA6}.Debug|Any CPU.Build.0 = Debug|Any CPU
		{DAAF2303-4AD1-4846-A777-17FBFF15BAA6}.Release|Any CPU.ActiveCfg = Release|Any CPU
		{DAAF2303-4AD1-4846-A777-17FBFF15BAA6}.Release|Any CPU.Build.0 = Release|Any CPU
	EndGlobalSection
	GlobalSection(SolutionProperties) = preSolution
		HideSolutionNode = FALSE
	EndGlobalSection
	GlobalSection(ExtensibilityGlobals) = postSolution
		SolutionGuid = {1BD330E2-C4F0-42A9-A0A9-349DBDE7F8EE}
	EndGlobalSection
EndGlobal
